{
  "name": "motion-mouse",
  "version": "0.1.0",
  "lockfileVersion": 3,
  "requires": true,
  "packages": {
    "": {
      "name": "motion-mouse",
      "version": "0.1.0",
      "workspaces": [
        "apps/*",
        "packages/*"
      ],
      "engines": {
        "node": ">=24.0.0",
        "npm": ">=11.0.0"
      }
    },
    "apps/desktop-agent": {
      "name": "@motion-mouse/desktop-agent",
      "version": "0.1.0"
    },
    "apps/mobile": {
      "name": "@motion-mouse/mobile",
      "version": "0.1.0"
    },
    "node_modules/@motion-mouse/desktop-agent": {
      "resolved": "apps/desktop-agent",
      "link": true
    },
    "node_modules/@motion-mouse/mobile": {
      "resolved": "apps/mobile",
      "link": true
    },
    "node_modules/@motion-mouse/motion-core": {
      "resolved": "packages/motion-core",
      "link": true
    },
    "node_modules/@motion-mouse/protocol": {
      "resolved": "packages/protocol",
      "link": true
    },
    "node_modules/@motion-mouse/shared-models": {
      "resolved": "packages/shared-models",
      "link": true
    },
    "packages/motion-core": {
      "name": "@motion-mouse/motion-core",
      "version": "0.1.0"
    },
    "packages/protocol": {
      "name": "@motion-mouse/protocol",
      "version": "0.1.0"
    },
    "packages/shared-models": {
      "name": "@motion-mouse/shared-models",
      "version": "0.1.0"
    }
  }
}
